github.com/blang/vfs v1.0.0 h1:AUZUgulCDzbaNjTRWEP45X7m/J10brAptZpSRKRZBZc=
github.com/blang/vfs v1.0.0/go.mod h1:jjuNUc/IKcRNNWC9NUCvz4fR9PZLPIKxEygtPs/4tSI=
github.com/google/go-cmp v0.5.6 h1:BKbKCqvP6I+rmFHt06ZmyQtvB8xAkWdhFyr0ZUNZcxQ=
github.com/google/go-cmp v0.5.6/go.mod h1:v8dTdLbMG2kIc/vJvl+f65V22dbkXbowE6jgT/gNBxE=
github.com/mattn/go-sqlite3 v1.14.8 h1:gDp86IdQsN/xWjIEmr9MF6o9mpksUgh0fu+9ByFxzIU=
github.com/mattn/go-sqlite3 v1.14.8/go.mod h1:NyWgC/yNuGj7Q9rpYnZvas74GogHl5/Z4A/KQRfk6bU=
github.com/psanford/sqlite3vfs v0.0.0-20220823065410-bd28ac7ee3c2 h1:S7ikYUpctxijGIl4P+NJhGSMNov4bP9KsO3JWq/+gOs=
github.com/psanford/sqlite3vfs v0.0.0-20220823065410-bd28ac7ee3c2/go.mod h1:iW4cSew5PAb1sMZiTEkVJAIBNrepaB6jTYjeP47WtI0=
golang.org/x/crypto v0.5.0 h1:U/0M97KRkSFvyD/3FSmdP5W5swImpNgle/EHFhOsQPE=
golang.org/x/crypto v0.5.0/go.mod h1:NK/OQwhpMQP3MwtdjgLlYHnH9ebylxKWv3e0fK+mkQU=
golang.org/x/xerrors v0.0.0-20191204190536-9bdfabe68543/go.mod h1:I/5z698sn9Ka8TeJc9MKroUUfqBBauWjQqLJ2OPfmY0=
